
Microsoft Visual Studio Solution File, Format Version 12.00
# Visual Studio Version 17
VisualStudioVersion = 17.12.35707.178
MinimumVisualStudioVersion = 10.0.40219.1
Project("{FAE04EC0-301F-11D3-BF4B-00C04F79EFBC}") = "CafeOtomasyon", "CafeOtomasyon\CafeOtomasyon.csproj", "{9A5C2423-C58A-49A6-8C6A-0E79D3FD768F}"
EndProject
Global
	GlobalSection(SolutionConfigurationPlatforms) = preSolution
		Debug|Any CPU = Debug|Any CPU
		Release|Any CPU = Release|Any CPU
	EndGlobalSection
	GlobalSection(ProjectConfigurationPlatforms) = postSolution
		{9A5C2423-C58A-49A6-8C6A-0E79D3FD768F}.Debug|Any CPU.ActiveCfg = Debug|Any CPU
		{9A5C2423-C58A-49A6-8C6A-0E79D3FD768F}.Debug|Any CPU.Build.0 = Debug|Any CPU
		{9A5C2423-C58A-49A6-8C6A-0E79D3FD768F}.Release|Any CPU.ActiveCfg = Release|Any CPU
		{9A5C2423-C58A-49A6-8C6A-0E79D3FD768F}.Release|Any CPU.Build.0 = Release|Any CPU
	EndGlobalSection
	GlobalSection(SolutionProperties) = preSolution
		HideSolutionNode = FALSE
	EndGlobalSection
EndGlobal
